# This file is automatically @generated by Wally.
# It is not intended for manual editing.
registry = "test"

[[package]]
name = "encodedvenom/fastcastredux"
version = "0.1.3"
dependencies = [["Signal", "sleitnick/signal@1.5.0"]]

[[package]]
name = "evaera/promise"
version = "4.0.0"
dependencies = []

[[package]]
name = "lm-loleris/profilestore"
version = "1.0.3"
dependencies = []

[[package]]
name = "red-blox/future"
version = "1.0.1"
dependencies = [["Spawn", "red-blox/spawn@1.1.0"]]

[[package]]
name = "red-blox/guard"
version = "1.0.1"
dependencies = []

[[package]]
name = "red-blox/red"
version = "2.3.2"
dependencies = [["Future", "red-blox/future@1.0.1"], ["Guard", "red-blox/guard@1.0.1"], ["Signal", "red-blox/signal@2.0.2"], ["Spawn", "red-blox/spawn@1.1.0"]]

[[package]]
name = "red-blox/signal"
version = "2.0.2"
dependencies = [["Spawn", "red-blox/spawn@1.1.0"]]

[[package]]
name = "red-blox/spawn"
version = "1.1.0"
dependencies = []

[[package]]
name = "sleitnick/comm"
version = "1.0.1"
dependencies = [["Option", "sleitnick/option@1.0.5"], ["Promise", "evaera/promise@4.0.0"], ["Signal", "sleitnick/signal@2.0.3"]]

[[package]]
name = "sleitnick/knit"
version = "1.7.0"
dependencies = [["Comm", "sleitnick/comm@1.0.1"], ["Promise", "evaera/promise@4.0.0"]]

[[package]]
name = "sleitnick/option"
version = "1.0.5"
dependencies = []

[[package]]
name = "sleitnick/signal"
version = "1.5.0"
dependencies = []

[[package]]
name = "sleitnick/signal"
version = "2.0.3"
dependencies = []

[[package]]
name = "trent-moseley/blueworks"
version = "0.1.0"
dependencies = [["FastCastRedux", "encodedvenom/fastcastredux@0.1.3"], ["Guard", "red-blox/guard@1.0.1"], ["Knit", "sleitnick/knit@1.7.0"], ["Red", "red-blox/red@2.3.2"], ["ProfileStore", "lm-loleris/profilestore@1.0.3"]]
